
Microsoft Visual Studio Solution File, Format Version 12.00
# Visual Studio Version 16
VisualStudioVersion = 16.0.31105.61
MinimumVisualStudioVersion = 10.0.40219.1
Project("{2150E333-8FDC-42A3-9474-1A3956D46DE8}") = "CosmoStatePattern", "CosmoStatePattern", "{1841EF17-E415-4E8B-A2C2-2339383A7994}"
EndProject
Project("{FAE04EC0-301F-11D3-BF4B-00C04F79EFBC}") = "CosmoStatePattern.BadEx", "CosmoStatePattern.BadEx\CosmoStatePattern.BadEx.csproj", "{BB11800B-E931-4752-8A28-D31AF2D194AA}"
EndProject
Project("{FAE04EC0-301F-11D3-BF4B-00C04F79EFBC}") = "CosmoStatePattern.GoodEx", "CosmoStatePattern.GoodEx\CosmoStatePattern.GoodEx.csproj", "{6369CCDD-6613-4611-8B12-C3AC3640E1EF}"
EndProject
Global
	GlobalSection(SolutionConfigurationPlatforms) = preSolution
		Debug|Any CPU = Debug|Any CPU
		Release|Any CPU = Release|Any CPU
	EndGlobalSection
	GlobalSection(ProjectConfigurationPlatforms) = postSolution
		{BB11800B-E931-4752-8A28-D31AF2D194AA}.Debug|Any CPU.ActiveCfg = Debug|Any CPU
		{BB11800B-E931-4752-8A28-D31AF2D194AA}.Debug|Any CPU.Build.0 = Debug|Any CPU
		{BB11800B-E931-4752-8A28-D31AF2D194AA}.Release|Any CPU.ActiveCfg = Release|Any CPU
		{BB11800B-E931-4752-8A28-D31AF2D194AA}.Release|Any CPU.Build.0 = Release|Any CPU
		{6369CCDD-6613-4611-8B12-C3AC3640E1EF}.Debug|Any CPU.ActiveCfg = Debug|Any CPU
		{6369CCDD-6613-4611-8B12-C3AC3640E1EF}.Debug|Any CPU.Build.0 = Debug|Any CPU
		{6369CCDD-6613-4611-8B12-C3AC3640E1EF}.Release|Any CPU.ActiveCfg = Release|Any CPU
		{6369CCDD-6613-4611-8B12-C3AC3640E1EF}.Release|Any CPU.Build.0 = Release|Any CPU
	EndGlobalSection
	GlobalSection(SolutionProperties) = preSolution
		HideSolutionNode = FALSE
	EndGlobalSection
	GlobalSection(NestedProjects) = preSolution
		{BB11800B-E931-4752-8A28-D31AF2D194AA} = {1841EF17-E415-4E8B-A2C2-2339383A7994}
		{6369CCDD-6613-4611-8B12-C3AC3640E1EF} = {1841EF17-E415-4E8B-A2C2-2339383A7994}
	EndGlobalSection
	GlobalSection(ExtensibilityGlobals) = postSolution
		SolutionGuid = {85523D13-6CED-4096-BCBD-5484705B557C}
	EndGlobalSection
EndGlobal
